{
  "name": "linq.ts",
  "version": "0.0.0",
  "lockfileVersion": 1,
  "requires": true,
  "dependencies": {
    "@types/node": {
      "version": "6.14.7",
      "resolved": "https://registry.npmjs.org/@types/node/-/node-6.14.7.tgz",
      "integrity": "sha512-YbPXbaynBTe0pVExPhL76TsWnxSPeFAvImIsmylpBWn/yfw+lHy+Q68aawvZHsgskT44ZAoeE67GM5f+Brekew==",
      "dev": true
    },
    "typescript": {
      "version": "3.7.5",
      "resolved": "https://registry.npmjs.org/typescript/-/typescript-3.7.5.tgz",
      "integrity": "sha512-/P5lkRXkWHNAbcJIiHPfRoKqyd7bsyCma1hZNUGfn20qm64T6ZBlrzprymeu918H+mB/0rIg2gGK/BXkhhYgBw==",
      "dev": true
    }
  }
}
