{
  "name": "linq.ts",
  "version": "0.0.0",
  "lockfileVersion": 1,
  "requires": true,
  "dependencies": {
    "@types/node": {
      "version": "6.0.114",
      "resolved": "https://registry.npmjs.org/@types/node/-/node-6.0.114.tgz",
      "integrity": "sha512-5ViC9dwf1VIAtrOFTvOuN04lJgw28eKjuy0Vg2Bd/fSlxKP2feCSkIw04ZgOENL2ywdWrtbkthp1XVLEjJmouw==",
      "dev": true
    }
  }
}
